
Microsoft Visual Studio Solution File, Format Version 12.00
# Visual Studio Version 16
VisualStudioVersion = 16.0.29911.84
MinimumVisualStudioVersion = 10.0.40219.1
Project("{FAE04EC0-301F-11D3-BF4B-00C04F79EFBC}") = "Ativ7", "Ativ7\Ativ7.csproj", "{3884648B-23A7-4270-81D3-3DC6A1A355EB}"
EndProject
Global
	GlobalSection(SolutionConfigurationPlatforms) = preSolution
		Debug|Any CPU = Debug|Any CPU
		Release|Any CPU = Release|Any CPU
	EndGlobalSection
	GlobalSection(ProjectConfigurationPlatforms) = postSolution
		{3884648B-23A7-4270-81D3-3DC6A1A355EB}.Debug|Any CPU.ActiveCfg = Debug|Any CPU
		{3884648B-23A7-4270-81D3-3DC6A1A355EB}.Debug|Any CPU.Build.0 = Debug|Any CPU
		{3884648B-23A7-4270-81D3-3DC6A1A355EB}.Release|Any CPU.ActiveCfg = Release|Any CPU
		{3884648B-23A7-4270-81D3-3DC6A1A355EB}.Release|Any CPU.Build.0 = Release|Any CPU
	EndGlobalSection
	GlobalSection(SolutionProperties) = preSolution
		HideSolutionNode = FALSE
	EndGlobalSection
	GlobalSection(ExtensibilityGlobals) = postSolution
		SolutionGuid = {E84C251A-D9EA-456F-A7D7-8280F72E9BAF}
	EndGlobalSection
EndGlobal
